
Microsoft Visual Studio Solution File, Format Version 12.00
# Visual Studio 15
Project("{FAE04EC0-301F-11D3-BF4B-00C04F79EFBC}") = "Lab13", "Lab13.csproj", "{4E3C8222-840F-4AB8-8BF4-E1D870A62F8E}"
EndProject
Global
	GlobalSection(SolutionConfigurationPlatforms) = preSolution
		Debug|Any CPU = Debug|Any CPU
		Release|Any CPU = Release|Any CPU
	EndGlobalSection
	GlobalSection(ProjectConfigurationPlatforms) = postSolution
		{4E3C8222-840F-4AB8-8BF4-E1D870A62F8E}.Debug|Any CPU.ActiveCfg = Debug|Any CPU
		{4E3C8222-840F-4AB8-8BF4-E1D870A62F8E}.Debug|Any CPU.Build.0 = Debug|Any CPU
		{4E3C8222-840F-4AB8-8BF4-E1D870A62F8E}.Release|Any CPU.ActiveCfg = Release|Any CPU
		{4E3C8222-840F-4AB8-8BF4-E1D870A62F8E}.Release|Any CPU.Build.0 = Release|Any CPU
	EndGlobalSection
EndGlobal
